
Microsoft Visual Studio Solution File, Format Version 12.00
# Visual Studio Version 17
VisualStudioVersion = 17.0.32112.339
MinimumVisualStudioVersion = 10.0.40219.1
Project("{2150E333-8FDC-42A3-9474-1A3956D46DE8}") = "SharedModels", "SharedModels", "{5D0E934D-27C7-4BA1-BDAD-72BA422439BE}"
EndProject
Project("{9A19103F-16F7-4668-BE54-9A1E7A4F7556}") = "LinkPara.SharedModels", "LinkPara.SharedModels\LinkPara.SharedModels.csproj", "{684D267F-3573-4CE1-8F58-FE044C769B5C}"
EndProject
Project("{9A19103F-16F7-4668-BE54-9A1E7A4F7556}") = "LinkPara.MappingExtensions", "LinkPara.MappingExtensions\LinkPara.MappingExtensions.csproj", "{1C5E041C-B7FF-4ADF-9963-7C3A5208FB0D}"
EndProject
Project("{2150E333-8FDC-42A3-9474-1A3956D46DE8}") = "Extensions", "Extensions", "{587D9180-A4FC-4CD9-9ECB-669014BC643A}"
EndProject
Project("{2150E333-8FDC-42A3-9474-1A3956D46DE8}") = "Context", "Context", "{60674E3E-9017-47B9-AC4D-0E94F9D126DA}"
EndProject
Project("{9A19103F-16F7-4668-BE54-9A1E7A4F7556}") = "LinkPara.ContextProvider", "LinkPara.ContextProvider\LinkPara.ContextProvider.csproj", "{C45B2CA8-3A16-4FC3-8082-5E3E15D0CA9D}"
EndProject
Project("{2150E333-8FDC-42A3-9474-1A3956D46DE8}") = "HttpProviders", "HttpProviders", "{16883151-5A79-4798-A103-104B0900144A}"
EndProject
Project("{9A19103F-16F7-4668-BE54-9A1E7A4F7556}") = "LinkPara.HttpProviders", "LinkPara.HttpProviders\LinkPara.HttpProviders.csproj", "{81461A95-A98B-4FA4-848C-3F78F30D1C6E}"
EndProject
Project("{2150E333-8FDC-42A3-9474-1A3956D46DE8}") = "Cache", "Cache", "{871CBBC0-6F74-4851-9AC3-EA6DC0090275}"
EndProject
Project("{9A19103F-16F7-4668-BE54-9A1E7A4F7556}") = "LinkPara.Cache", "LinkPara.Cache\LinkPara.Cache.csproj", "{04A45EAE-65AF-4A1F-AD66-11D0873BE21B}"
EndProject
Project("{2150E333-8FDC-42A3-9474-1A3956D46DE8}") = "Security", "Security", "{43EA7552-847E-4FA0-A07B-D9FD4BE42BA8}"
EndProject
Project("{9A19103F-16F7-4668-BE54-9A1E7A4F7556}") = "LinkPara.Security", "LinkPara.Security\LinkPara.Security.csproj", "{34109431-588C-4B40-ACE8-0BA489A0D0D2}"
EndProject
Project("{9A19103F-16F7-4668-BE54-9A1E7A4F7556}") = "LinkPara.Security.UnitTest", "LinkPara.Security.UnitTest\LinkPara.Security.UnitTest.csproj", "{D7868991-DF25-439C-A4AB-EFA1F9539FFE}"
EndProject
Project("{2150E333-8FDC-42A3-9474-1A3956D46DE8}") = "Audit", "Audit", "{7A846B50-A620-4486-9F7E-08E40E5AE42C}"
EndProject
Project("{9A19103F-16F7-4668-BE54-9A1E7A4F7556}") = "LinkPara.Audit", "LinkPara.Audit\LinkPara.Audit.csproj", "{DA9969ED-0142-4B63-AF59-8FFC6F8EDB1F}"
EndProject
Project("{2150E333-8FDC-42A3-9474-1A3956D46DE8}") = "SystemUser", "SystemUser", "{59B394CC-C5AD-4E1E-9B18-9A9AF918EEE5}"
EndProject
Project("{9A19103F-16F7-4668-BE54-9A1E7A4F7556}") = "LinkPara.SystemUser", "LinkPara.SystemUser\LinkPara.SystemUser.csproj", "{EB6646B4-80FB-4972-8133-9793BE01075E}"
EndProject
Project("{2150E333-8FDC-42A3-9474-1A3956D46DE8}") = "Approval", "Approval", "{45DFB383-D688-446F-9856-DA5440856F64}"
EndProject
Project("{9A19103F-16F7-4668-BE54-9A1E7A4F7556}") = "LinkPara.Approval", "LinkPara.Approval\LinkPara.Approval.csproj", "{241FC702-FFA5-429A-B03A-9EE245C67491}"
EndProject
Project("{2150E333-8FDC-42A3-9474-1A3956D46DE8}") = "RateLimit", "RateLimit", "{595BAB64-31F7-4791-9179-E0084FFB16E4}"
EndProject
Project("{9A19103F-16F7-4668-BE54-9A1E7A4F7556}") = "LinkPara.RateLimit", "LinkPara.RateLimit\LinkPara.RateLimit.csproj", "{E5D2950C-05C3-4544-84DB-C5249791A6A5}"
EndProject
Project("{2150E333-8FDC-42A3-9474-1A3956D46DE8}") = "Authentication", "Authentication", "{01C9E3AA-481D-4B70-B9E5-FC9537409BCF}"
EndProject
Project("{9A19103F-16F7-4668-BE54-9A1E7A4F7556}") = "LinkPara.Authentication", "LinkPara.Authentication\LinkPara.Authentication.csproj", "{32395BAE-E15E-4058-A723-939513CE71F6}"
EndProject
Global
	GlobalSection(SolutionConfigurationPlatforms) = preSolution
		Debug|Any CPU = Debug|Any CPU
		Release|Any CPU = Release|Any CPU
	EndGlobalSection
	GlobalSection(ProjectConfigurationPlatforms) = postSolution
		{684D267F-3573-4CE1-8F58-FE044C769B5C}.Debug|Any CPU.ActiveCfg = Debug|Any CPU
		{684D267F-3573-4CE1-8F58-FE044C769B5C}.Debug|Any CPU.Build.0 = Debug|Any CPU
		{684D267F-3573-4CE1-8F58-FE044C769B5C}.Release|Any CPU.ActiveCfg = Release|Any CPU
		{684D267F-3573-4CE1-8F58-FE044C769B5C}.Release|Any CPU.Build.0 = Release|Any CPU
		{1C5E041C-B7FF-4ADF-9963-7C3A5208FB0D}.Debug|Any CPU.ActiveCfg = Debug|Any CPU
		{1C5E041C-B7FF-4ADF-9963-7C3A5208FB0D}.Debug|Any CPU.Build.0 = Debug|Any CPU
		{1C5E041C-B7FF-4ADF-9963-7C3A5208FB0D}.Release|Any CPU.ActiveCfg = Release|Any CPU
		{1C5E041C-B7FF-4ADF-9963-7C3A5208FB0D}.Release|Any CPU.Build.0 = Release|Any CPU
		{C45B2CA8-3A16-4FC3-8082-5E3E15D0CA9D}.Debug|Any CPU.ActiveCfg = Debug|Any CPU
		{C45B2CA8-3A16-4FC3-8082-5E3E15D0CA9D}.Debug|Any CPU.Build.0 = Debug|Any CPU
		{C45B2CA8-3A16-4FC3-8082-5E3E15D0CA9D}.Release|Any CPU.ActiveCfg = Release|Any CPU
		{C45B2CA8-3A16-4FC3-8082-5E3E15D0CA9D}.Release|Any CPU.Build.0 = Release|Any CPU
		{81461A95-A98B-4FA4-848C-3F78F30D1C6E}.Debug|Any CPU.ActiveCfg = Debug|Any CPU
		{81461A95-A98B-4FA4-848C-3F78F30D1C6E}.Debug|Any CPU.Build.0 = Debug|Any CPU
		{81461A95-A98B-4FA4-848C-3F78F30D1C6E}.Release|Any CPU.ActiveCfg = Release|Any CPU
		{81461A95-A98B-4FA4-848C-3F78F30D1C6E}.Release|Any CPU.Build.0 = Release|Any CPU
		{04A45EAE-65AF-4A1F-AD66-11D0873BE21B}.Debug|Any CPU.ActiveCfg = Debug|Any CPU
		{04A45EAE-65AF-4A1F-AD66-11D0873BE21B}.Debug|Any CPU.Build.0 = Debug|Any CPU
		{04A45EAE-65AF-4A1F-AD66-11D0873BE21B}.Release|Any CPU.ActiveCfg = Release|Any CPU
		{04A45EAE-65AF-4A1F-AD66-11D0873BE21B}.Release|Any CPU.Build.0 = Release|Any CPU
		{34109431-588C-4B40-ACE8-0BA489A0D0D2}.Debug|Any CPU.ActiveCfg = Debug|Any CPU
		{34109431-588C-4B40-ACE8-0BA489A0D0D2}.Debug|Any CPU.Build.0 = Debug|Any CPU
		{34109431-588C-4B40-ACE8-0BA489A0D0D2}.Release|Any CPU.ActiveCfg = Release|Any CPU
		{34109431-588C-4B40-ACE8-0BA489A0D0D2}.Release|Any CPU.Build.0 = Release|Any CPU
		{D7868991-DF25-439C-A4AB-EFA1F9539FFE}.Debug|Any CPU.ActiveCfg = Debug|Any CPU
		{D7868991-DF25-439C-A4AB-EFA1F9539FFE}.Debug|Any CPU.Build.0 = Debug|Any CPU
		{D7868991-DF25-439C-A4AB-EFA1F9539FFE}.Release|Any CPU.ActiveCfg = Release|Any CPU
		{D7868991-DF25-439C-A4AB-EFA1F9539FFE}.Release|Any CPU.Build.0 = Release|Any CPU
		{DA9969ED-0142-4B63-AF59-8FFC6F8EDB1F}.Debug|Any CPU.ActiveCfg = Debug|Any CPU
		{DA9969ED-0142-4B63-AF59-8FFC6F8EDB1F}.Debug|Any CPU.Build.0 = Debug|Any CPU
		{DA9969ED-0142-4B63-AF59-8FFC6F8EDB1F}.Release|Any CPU.ActiveCfg = Release|Any CPU
		{DA9969ED-0142-4B63-AF59-8FFC6F8EDB1F}.Release|Any CPU.Build.0 = Release|Any CPU
		{EB6646B4-80FB-4972-8133-9793BE01075E}.Debug|Any CPU.ActiveCfg = Debug|Any CPU
		{EB6646B4-80FB-4972-8133-9793BE01075E}.Debug|Any CPU.Build.0 = Debug|Any CPU
		{EB6646B4-80FB-4972-8133-9793BE01075E}.Release|Any CPU.ActiveCfg = Release|Any CPU
		{EB6646B4-80FB-4972-8133-9793BE01075E}.Release|Any CPU.Build.0 = Release|Any CPU
		{241FC702-FFA5-429A-B03A-9EE245C67491}.Debug|Any CPU.ActiveCfg = Debug|Any CPU
		{241FC702-FFA5-429A-B03A-9EE245C67491}.Debug|Any CPU.Build.0 = Debug|Any CPU
		{241FC702-FFA5-429A-B03A-9EE245C67491}.Release|Any CPU.ActiveCfg = Release|Any CPU
		{241FC702-FFA5-429A-B03A-9EE245C67491}.Release|Any CPU.Build.0 = Release|Any CPU
		{E5D2950C-05C3-4544-84DB-C5249791A6A5}.Debug|Any CPU.ActiveCfg = Debug|Any CPU
		{E5D2950C-05C3-4544-84DB-C5249791A6A5}.Debug|Any CPU.Build.0 = Debug|Any CPU
		{E5D2950C-05C3-4544-84DB-C5249791A6A5}.Release|Any CPU.ActiveCfg = Release|Any CPU
		{E5D2950C-05C3-4544-84DB-C5249791A6A5}.Release|Any CPU.Build.0 = Release|Any CPU
		{32395BAE-E15E-4058-A723-939513CE71F6}.Debug|Any CPU.ActiveCfg = Debug|Any CPU
		{32395BAE-E15E-4058-A723-939513CE71F6}.Debug|Any CPU.Build.0 = Debug|Any CPU
		{32395BAE-E15E-4058-A723-939513CE71F6}.Release|Any CPU.ActiveCfg = Release|Any CPU
		{32395BAE-E15E-4058-A723-939513CE71F6}.Release|Any CPU.Build.0 = Release|Any CPU
	EndGlobalSection
	GlobalSection(SolutionProperties) = preSolution
		HideSolutionNode = FALSE
	EndGlobalSection
	GlobalSection(NestedProjects) = preSolution
		{684D267F-3573-4CE1-8F58-FE044C769B5C} = {5D0E934D-27C7-4BA1-BDAD-72BA422439BE}
		{1C5E041C-B7FF-4ADF-9963-7C3A5208FB0D} = {587D9180-A4FC-4CD9-9ECB-669014BC643A}
		{C45B2CA8-3A16-4FC3-8082-5E3E15D0CA9D} = {60674E3E-9017-47B9-AC4D-0E94F9D126DA}
		{81461A95-A98B-4FA4-848C-3F78F30D1C6E} = {16883151-5A79-4798-A103-104B0900144A}
		{04A45EAE-65AF-4A1F-AD66-11D0873BE21B} = {871CBBC0-6F74-4851-9AC3-EA6DC0090275}
		{34109431-588C-4B40-ACE8-0BA489A0D0D2} = {43EA7552-847E-4FA0-A07B-D9FD4BE42BA8}
		{D7868991-DF25-439C-A4AB-EFA1F9539FFE} = {43EA7552-847E-4FA0-A07B-D9FD4BE42BA8}
		{DA9969ED-0142-4B63-AF59-8FFC6F8EDB1F} = {7A846B50-A620-4486-9F7E-08E40E5AE42C}
		{EB6646B4-80FB-4972-8133-9793BE01075E} = {59B394CC-C5AD-4E1E-9B18-9A9AF918EEE5}
		{241FC702-FFA5-429A-B03A-9EE245C67491} = {45DFB383-D688-446F-9856-DA5440856F64}
		{E5D2950C-05C3-4544-84DB-C5249791A6A5} = {595BAB64-31F7-4791-9179-E0084FFB16E4}
		{32395BAE-E15E-4058-A723-939513CE71F6} = {01C9E3AA-481D-4B70-B9E5-FC9537409BCF}
	EndGlobalSection
	GlobalSection(ExtensibilityGlobals) = postSolution
		SolutionGuid = {75D8A6BF-7FCD-4E1C-AAE9-1533A27792B7}
	EndGlobalSection
EndGlobal
