
Microsoft Visual Studio Solution File, Format Version 12.00
# Visual Studio Version 17
VisualStudioVersion = 17.0.32112.339
MinimumVisualStudioVersion = 10.0.40219.1
Project("{2150E333-8FDC-42A3-9474-1A3956D46DE8}") = "src", "src", "{02D5835E-0A90-4CC5-9149-1303B670FCF7}"
EndProject
Project("{2150E333-8FDC-42A3-9474-1A3956D46DE8}") = "test", "test", "{2270A3DF-E3AC-4714-A7A2-58B70A254FE0}"
EndProject
Project("{9A19103F-16F7-4668-BE54-9A1E7A4F7556}") = "LinkPara.BusinessParameter.API", "LinkPara.BusinessParameter.API\LinkPara.BusinessParameter.API.csproj", "{EA79A8FA-8BFD-442D-AF8B-6F00FD52A871}"
EndProject
Project("{9A19103F-16F7-4668-BE54-9A1E7A4F7556}") = "LinkPara.BusinessParameter.Infrastructure", "LinkPara.BusinessParameter.Infrastructure\LinkPara.BusinessParameter.Infrastructure.csproj", "{6E6687C8-F487-4B8D-B73E-7ECA3E9873FB}"
EndProject
Project("{9A19103F-16F7-4668-BE54-9A1E7A4F7556}") = "LinkPara.BusinessParameter.Application", "LinkPara.BusinessParameter.Application\LinkPara.BusinessParameter.Application.csproj", "{2C9B3A0C-7E15-4E6D-B4E2-189A77E8EE28}"
EndProject
Project("{9A19103F-16F7-4668-BE54-9A1E7A4F7556}") = "LinkPara.BusinessParameter.Domain", "LinkPara.BusinessParameter.Domain\LinkPara.BusinessParameter.Domain.csproj", "{16DE504D-B9D0-41D0-88A4-16BFDF7AEF92}"
EndProject
Project("{9A19103F-16F7-4668-BE54-9A1E7A4F7556}") = "LinkPara.BusinessParameter.IntegrationTests", "LinkPara.BusinessParameter.IntegrationTests\LinkPara.BusinessParameter.IntegrationTests.csproj", "{EE68E343-F03F-417F-9A6B-4BBB0516315B}"
EndProject
Project("{2150E333-8FDC-42A3-9474-1A3956D46DE8}") = "build", "build", "{2C81DF0E-0088-40CD-BA27-C34D02A4F186}"
	ProjectSection(SolutionItems) = preProject
		deployment.yaml = deployment.yaml
		Dockerfile = Dockerfile
		rubik.yaml = rubik.yaml
	EndProjectSection
EndProject
Global
	GlobalSection(SolutionConfigurationPlatforms) = preSolution
		Debug|Any CPU = Debug|Any CPU
		Release|Any CPU = Release|Any CPU
	EndGlobalSection
	GlobalSection(ProjectConfigurationPlatforms) = postSolution
		{EA79A8FA-8BFD-442D-AF8B-6F00FD52A871}.Debug|Any CPU.ActiveCfg = Debug|Any CPU
		{EA79A8FA-8BFD-442D-AF8B-6F00FD52A871}.Debug|Any CPU.Build.0 = Debug|Any CPU
		{EA79A8FA-8BFD-442D-AF8B-6F00FD52A871}.Release|Any CPU.ActiveCfg = Release|Any CPU
		{EA79A8FA-8BFD-442D-AF8B-6F00FD52A871}.Release|Any CPU.Build.0 = Release|Any CPU
		{6E6687C8-F487-4B8D-B73E-7ECA3E9873FB}.Debug|Any CPU.ActiveCfg = Debug|Any CPU
		{6E6687C8-F487-4B8D-B73E-7ECA3E9873FB}.Debug|Any CPU.Build.0 = Debug|Any CPU
		{6E6687C8-F487-4B8D-B73E-7ECA3E9873FB}.Release|Any CPU.ActiveCfg = Release|Any CPU
		{6E6687C8-F487-4B8D-B73E-7ECA3E9873FB}.Release|Any CPU.Build.0 = Release|Any CPU
		{2C9B3A0C-7E15-4E6D-B4E2-189A77E8EE28}.Debug|Any CPU.ActiveCfg = Debug|Any CPU
		{2C9B3A0C-7E15-4E6D-B4E2-189A77E8EE28}.Debug|Any CPU.Build.0 = Debug|Any CPU
		{2C9B3A0C-7E15-4E6D-B4E2-189A77E8EE28}.Release|Any CPU.ActiveCfg = Release|Any CPU
		{2C9B3A0C-7E15-4E6D-B4E2-189A77E8EE28}.Release|Any CPU.Build.0 = Release|Any CPU
		{16DE504D-B9D0-41D0-88A4-16BFDF7AEF92}.Debug|Any CPU.ActiveCfg = Debug|Any CPU
		{16DE504D-B9D0-41D0-88A4-16BFDF7AEF92}.Debug|Any CPU.Build.0 = Debug|Any CPU
		{16DE504D-B9D0-41D0-88A4-16BFDF7AEF92}.Release|Any CPU.ActiveCfg = Release|Any CPU
		{16DE504D-B9D0-41D0-88A4-16BFDF7AEF92}.Release|Any CPU.Build.0 = Release|Any CPU
		{EE68E343-F03F-417F-9A6B-4BBB0516315B}.Debug|Any CPU.ActiveCfg = Debug|Any CPU
		{EE68E343-F03F-417F-9A6B-4BBB0516315B}.Debug|Any CPU.Build.0 = Debug|Any CPU
		{EE68E343-F03F-417F-9A6B-4BBB0516315B}.Release|Any CPU.ActiveCfg = Release|Any CPU
		{EE68E343-F03F-417F-9A6B-4BBB0516315B}.Release|Any CPU.Build.0 = Release|Any CPU
	EndGlobalSection
	GlobalSection(SolutionProperties) = preSolution
		HideSolutionNode = FALSE
	EndGlobalSection
	GlobalSection(NestedProjects) = preSolution
		{EA79A8FA-8BFD-442D-AF8B-6F00FD52A871} = {02D5835E-0A90-4CC5-9149-1303B670FCF7}
		{6E6687C8-F487-4B8D-B73E-7ECA3E9873FB} = {02D5835E-0A90-4CC5-9149-1303B670FCF7}
		{2C9B3A0C-7E15-4E6D-B4E2-189A77E8EE28} = {02D5835E-0A90-4CC5-9149-1303B670FCF7}
		{16DE504D-B9D0-41D0-88A4-16BFDF7AEF92} = {02D5835E-0A90-4CC5-9149-1303B670FCF7}
		{EE68E343-F03F-417F-9A6B-4BBB0516315B} = {2270A3DF-E3AC-4714-A7A2-58B70A254FE0}
	EndGlobalSection
	GlobalSection(ExtensibilityGlobals) = postSolution
		SolutionGuid = {4A12CF88-A3E7-4257-8FFB-6228CE5DFDB4}
	EndGlobalSection
EndGlobal
