
Microsoft Visual Studio Solution File, Format Version 12.00
# Visual Studio Version 17
VisualStudioVersion = 17.5.33627.172
MinimumVisualStudioVersion = 10.0.40219.1
Project("{9A19103F-16F7-4668-BE54-9A1E7A4F7556}") = "LinkPara.Scheduler.API", "LinkPara.Scheduler.API\LinkPara.Scheduler.API.csproj", "{CE8C4776-71F7-41D7-9DB6-44B5A4A8C995}"
EndProject
Project("{2150E333-8FDC-42A3-9474-1A3956D46DE8}") = "build", "build", "{A717814F-54F4-459F-9476-4A83063023DA}"
	ProjectSection(SolutionItems) = preProject
		deployment.yaml = deployment.yaml
		Dockerfile = Dockerfile
		rubik.yaml = rubik.yaml
	EndProjectSection
EndProject
Global
	GlobalSection(SolutionConfigurationPlatforms) = preSolution
		Debug|Any CPU = Debug|Any CPU
		Release|Any CPU = Release|Any CPU
	EndGlobalSection
	GlobalSection(ProjectConfigurationPlatforms) = postSolution
		{CE8C4776-71F7-41D7-9DB6-44B5A4A8C995}.Debug|Any CPU.ActiveCfg = Debug|Any CPU
		{CE8C4776-71F7-41D7-9DB6-44B5A4A8C995}.Debug|Any CPU.Build.0 = Debug|Any CPU
		{CE8C4776-71F7-41D7-9DB6-44B5A4A8C995}.Release|Any CPU.ActiveCfg = Release|Any CPU
		{CE8C4776-71F7-41D7-9DB6-44B5A4A8C995}.Release|Any CPU.Build.0 = Release|Any CPU
	EndGlobalSection
	GlobalSection(SolutionProperties) = preSolution
		HideSolutionNode = FALSE
	EndGlobalSection
EndGlobal
