
Microsoft Visual Studio Solution File, Format Version 12.00
# Visual Studio Version 17
VisualStudioVersion = 17.0.32112.339
MinimumVisualStudioVersion = 10.0.40219.1
Project("{2150E333-8FDC-42A3-9474-1A3956D46DE8}") = "src", "src", "{02D5835E-0A90-4CC5-9149-1303B670FCF7}"
EndProject
Project("{2150E333-8FDC-42A3-9474-1A3956D46DE8}") = "test", "test", "{2270A3DF-E3AC-4714-A7A2-58B70A254FE0}"
EndProject
Project("{2150E333-8FDC-42A3-9474-1A3956D46DE8}") = "build", "build", "{12148961-76CF-4EDE-A8ED-B6EA10D6E373}"
	ProjectSection(SolutionItems) = preProject
		deployment.yaml = deployment.yaml
		Dockerfile = Dockerfile
		rubik.yaml = rubik.yaml
	EndProjectSection
EndProject
Project("{FAE04EC0-301F-11D3-BF4B-00C04F79EFBC}") = "LinkPara.Card.API", "LinkPara.Card.API\LinkPara.Card.API.csproj", "{3B384A3B-63E3-ECEB-97B8-092ED056A6A9}"
EndProject
Project("{FAE04EC0-301F-11D3-BF4B-00C04F79EFBC}") = "LinkPara.Card.Application", "LinkPara.Card.Application\LinkPara.Card.Application.csproj", "{F6274952-F13F-0F88-04CF-52D51B9C4F75}"
EndProject
Project("{FAE04EC0-301F-11D3-BF4B-00C04F79EFBC}") = "LinkPara.Card.Domain", "LinkPara.Card.Domain\LinkPara.Card.Domain.csproj", "{78B6C29E-4139-D859-712D-531482DBCF7F}"
EndProject
Project("{FAE04EC0-301F-11D3-BF4B-00C04F79EFBC}") = "LinkPara.Card.Infrastructure", "LinkPara.Card.Infrastructure\LinkPara.Card.Infrastructure.csproj", "{5F03F412-EDD5-1903-9BCA-E92D893929B6}"
EndProject
Project("{FAE04EC0-301F-11D3-BF4B-00C04F79EFBC}") = "LinkPara.Card.IntegrationTests", "LinkPara.Card.IntegrationTests\LinkPara.Card.IntegrationTests.csproj", "{C949B9A2-91E3-6D6B-CF9F-937399DA07A2}"
EndProject
Global
	GlobalSection(SolutionConfigurationPlatforms) = preSolution
		Debug|Any CPU = Debug|Any CPU
		Release|Any CPU = Release|Any CPU
	EndGlobalSection
	GlobalSection(ProjectConfigurationPlatforms) = postSolution
		{3B384A3B-63E3-ECEB-97B8-092ED056A6A9}.Debug|Any CPU.ActiveCfg = Debug|Any CPU
		{3B384A3B-63E3-ECEB-97B8-092ED056A6A9}.Debug|Any CPU.Build.0 = Debug|Any CPU
		{3B384A3B-63E3-ECEB-97B8-092ED056A6A9}.Release|Any CPU.ActiveCfg = Release|Any CPU
		{3B384A3B-63E3-ECEB-97B8-092ED056A6A9}.Release|Any CPU.Build.0 = Release|Any CPU
		{F6274952-F13F-0F88-04CF-52D51B9C4F75}.Debug|Any CPU.ActiveCfg = Debug|Any CPU
		{F6274952-F13F-0F88-04CF-52D51B9C4F75}.Debug|Any CPU.Build.0 = Debug|Any CPU
		{F6274952-F13F-0F88-04CF-52D51B9C4F75}.Release|Any CPU.ActiveCfg = Release|Any CPU
		{F6274952-F13F-0F88-04CF-52D51B9C4F75}.Release|Any CPU.Build.0 = Release|Any CPU
		{78B6C29E-4139-D859-712D-531482DBCF7F}.Debug|Any CPU.ActiveCfg = Debug|Any CPU
		{78B6C29E-4139-D859-712D-531482DBCF7F}.Debug|Any CPU.Build.0 = Debug|Any CPU
		{78B6C29E-4139-D859-712D-531482DBCF7F}.Release|Any CPU.ActiveCfg = Release|Any CPU
		{78B6C29E-4139-D859-712D-531482DBCF7F}.Release|Any CPU.Build.0 = Release|Any CPU
		{5F03F412-EDD5-1903-9BCA-E92D893929B6}.Debug|Any CPU.ActiveCfg = Debug|Any CPU
		{5F03F412-EDD5-1903-9BCA-E92D893929B6}.Debug|Any CPU.Build.0 = Debug|Any CPU
		{5F03F412-EDD5-1903-9BCA-E92D893929B6}.Release|Any CPU.ActiveCfg = Release|Any CPU
		{5F03F412-EDD5-1903-9BCA-E92D893929B6}.Release|Any CPU.Build.0 = Release|Any CPU
		{C949B9A2-91E3-6D6B-CF9F-937399DA07A2}.Debug|Any CPU.ActiveCfg = Debug|Any CPU
		{C949B9A2-91E3-6D6B-CF9F-937399DA07A2}.Debug|Any CPU.Build.0 = Debug|Any CPU
		{C949B9A2-91E3-6D6B-CF9F-937399DA07A2}.Release|Any CPU.ActiveCfg = Release|Any CPU
		{C949B9A2-91E3-6D6B-CF9F-937399DA07A2}.Release|Any CPU.Build.0 = Release|Any CPU
	EndGlobalSection
	GlobalSection(SolutionProperties) = preSolution
		HideSolutionNode = FALSE
	EndGlobalSection
	GlobalSection(NestedProjects) = preSolution
		{3B384A3B-63E3-ECEB-97B8-092ED056A6A9} = {02D5835E-0A90-4CC5-9149-1303B670FCF7}
		{F6274952-F13F-0F88-04CF-52D51B9C4F75} = {02D5835E-0A90-4CC5-9149-1303B670FCF7}
		{78B6C29E-4139-D859-712D-531482DBCF7F} = {02D5835E-0A90-4CC5-9149-1303B670FCF7}
		{5F03F412-EDD5-1903-9BCA-E92D893929B6} = {02D5835E-0A90-4CC5-9149-1303B670FCF7}
		{C949B9A2-91E3-6D6B-CF9F-937399DA07A2} = {2270A3DF-E3AC-4714-A7A2-58B70A254FE0}
	EndGlobalSection
	GlobalSection(ExtensibilityGlobals) = postSolution
		SolutionGuid = {4A12CF88-A3E7-4257-8FFB-6228CE5DFDB4}
	EndGlobalSection
EndGlobal
